// !$*UTF8*$!
{
	archiveVersion = 1;
	classes = {
	};
	objectVersion = 50;
	objects = {

/* Begin PBXBuildFile section */
		375E3A4A236E11090017B1F4 /* EditNode.swift in Sources */ = {isa = PBXBuildFile; fileRef = 375E3A49236E11090017B1F4 /* EditNode.swift */; };
		DE64B0602329EDEC007B1C0A /* AppDelegate.swift in Sources */ = {isa = PBXBuildFile; fileRef = DE64B05F2329EDEC007B1C0A /* AppDelegate.swift */; };
		DE64B0622329EDEC007B1C0A /* SceneDelegate.swift in Sources */ = {isa = PBXBuildFile; fileRef = DE64B0612329EDEC007B1C0A /* SceneDelegate.swift */; };
		DE64B0652329EDEC007B1C0A /* DynamicFetchRequest.xcdatamodeld in Sources */ = {isa = PBXBuildFile; fileRef = DE64B0632329EDEC007B1C0A /* DynamicFetchRequest.xcdatamodeld */; };
		DE64B0672329EDEC007B1C0A /* ContentView.swift in Sources */ = {isa = PBXBuildFile; fileRef = DE64B0662329EDEC007B1C0A /* ContentView.swift */; };
		DE64B0692329EDED007B1C0A /* Assets.xcassets in Resources */ = {isa = PBXBuildFile; fileRef = DE64B0682329EDED007B1C0A /* Assets.xcassets */; };
		DE64B06C2329EDED007B1C0A /* Preview Assets.xcassets in Resources */ = {isa = PBXBuildFile; fileRef = DE64B06B2329EDED007B1C0A /* Preview Assets.xcassets */; };
		DE64B06F2329EDED007B1C0A /* LaunchScreen.storyboard in Resources */ = {isa = PBXBuildFile; fileRef = DE64B06D2329EDED007B1C0A /* LaunchScreen.storyboard */; };
		DE64B0772329EE7C007B1C0A /* TreeNode.swift in Sources */ = {isa = PBXBuildFile; fileRef = DE64B0762329EE7C007B1C0A /* TreeNode.swift */; };
		DE64B0792329EF27007B1C0A /* TreeNodeView.swift in Sources */ = {isa = PBXBuildFile; fileRef = DE64B0782329EF27007B1C0A /* TreeNodeView.swift */; };
		DE64B07B2329F5A9007B1C0A /* TreeNodeWrapperView.swift in Sources */ = {isa = PBXBuildFile; fileRef = DE64B07A2329F5A9007B1C0A /* TreeNodeWrapperView.swift */; };
/* End PBXBuildFile section */

/* Begin PBXFileReference section */
		375E3A49236E11090017B1F4 /* EditNode.swift */ = {isa = PBXFileReference; lastKnownFileType = sourcecode.swift; path = EditNode.swift; sourceTree = "<group>"; };
		DE64B05C2329EDEC007B1C0A /* DynamicFetchRequest.app */ = {isa = PBXFileReference; explicitFileType = wrapper.application; includeInIndex = 0; path = DynamicFetchRequest.app; sourceTree = BUILT_PRODUCTS_DIR; };
		DE64B05F2329EDEC007B1C0A /* AppDelegate.swift */ = {isa = PBXFileReference; lastKnownFileType = sourcecode.swift; path = AppDelegate.swift; sourceTree = "<group>"; };
		DE64B0612329EDEC007B1C0A /* SceneDelegate.swift */ = {isa = PBXFileReference; lastKnownFileType = sourcecode.swift; path = SceneDelegate.swift; sourceTree = "<group>"; };
		DE64B0642329EDEC007B1C0A /* DynamicFetchRequest.xcdatamodel */ = {isa = PBXFileReference; lastKnownFileType = wrapper.xcdatamodel; path = DynamicFetchRequest.xcdatamodel; sourceTree = "<group>"; };
		DE64B0662329EDEC007B1C0A /* ContentView.swift */ = {isa = PBXFileReference; lastKnownFileType = sourcecode.swift; path = ContentView.swift; sourceTree = "<group>"; };
		DE64B0682329EDED007B1C0A /* Assets.xcassets */ = {isa = PBXFileReference; lastKnownFileType = folder.assetcatalog; path = Assets.xcassets; sourceTree = "<group>"; };
		DE64B06B2329EDED007B1C0A /* Preview Assets.xcassets */ = {isa = PBXFileReference; lastKnownFileType = folder.assetcatalog; path = "Preview Assets.xcassets"; sourceTree = "<group>"; };
		DE64B06E2329EDED007B1C0A /* Base */ = {isa = PBXFileReference; lastKnownFileType = file.storyboard; name = Base; path = Base.lproj/LaunchScreen.storyboard; sourceTree = "<group>"; };
		DE64B0702329EDED007B1C0A /* Info.plist */ = {isa = PBXFileReference; lastKnownFileType = text.plist.xml; path = Info.plist; sourceTree = "<group>"; };
		DE64B0762329EE7C007B1C0A /* TreeNode.swift */ = {isa = PBXFileReference; lastKnownFileType = sourcecode.swift; path = TreeNode.swift; sourceTree = "<group>"; };
		DE64B0782329EF27007B1C0A /* TreeNodeView.swift */ = {isa = PBXFileReference; lastKnownFileType = sourcecode.swift; path = TreeNodeView.swift; sourceTree = "<group>"; };
		DE64B07A2329F5A9007B1C0A /* TreeNodeWrapperView.swift */ = {isa = PBXFileReference; lastKnownFileType = sourcecode.swift; path = TreeNodeWrapperView.swift; sourceTree = "<group>"; };
/* End PBXFileReference section */

/* Begin PBXFrameworksBuildPhase section */
		DE64B0592329EDEC007B1C0A /* Frameworks */ = {
			isa = PBXFrameworksBuildPhase;
			buildActionMask = 2147483647;
			files = (
			);
			runOnlyForDeploymentPostprocessing = 0;
		};
/* End PBXFrameworksBuildPhase section */

/* Begin PBXGroup section */
		DE64B0532329EDEC007B1C0A = {
			isa = PBXGroup;
			children = (
				DE64B05E2329EDEC007B1C0A /* DynamicFetchRequest */,
				DE64B05D2329EDEC007B1C0A /* Products */,
			);
			sourceTree = "<group>";
		};
		DE64B05D2329EDEC007B1C0A /* Products */ = {
			isa = PBXGroup;
			children = (
				DE64B05C2329EDEC007B1C0A /* DynamicFetchRequest.app */,
			);
			name = Products;
			sourceTree = "<group>";
		};
		DE64B05E2329EDEC007B1C0A /* DynamicFetchRequest */ = {
			isa = PBXGroup;
			children = (
				DE64B05F2329EDEC007B1C0A /* AppDelegate.swift */,
				DE64B0612329EDEC007B1C0A /* SceneDelegate.swift */,
				DE64B0662329EDEC007B1C0A /* ContentView.swift */,
				DE64B0682329EDED007B1C0A /* Assets.xcassets */,
				DE64B06D2329EDED007B1C0A /* LaunchScreen.storyboard */,
				DE64B0702329EDED007B1C0A /* Info.plist */,
				DE64B0632329EDEC007B1C0A /* DynamicFetchRequest.xcdatamodeld */,
				DE64B06A2329EDED007B1C0A /* Preview Content */,
				DE64B0762329EE7C007B1C0A /* TreeNode.swift */,
				DE64B0782329EF27007B1C0A /* TreeNodeView.swift */,
				DE64B07A2329F5A9007B1C0A /* TreeNodeWrapperView.swift */,
				375E3A49236E11090017B1F4 /* EditNode.swift */,
			);
			path = DynamicFetchRequest;
			sourceTree = "<group>";
		};
		DE64B06A2329EDED007B1C0A /* Preview Content */ = {
			isa = PBXGroup;
			children = (
				DE64B06B2329EDED007B1C0A /* Preview Assets.xcassets */,
			);
			path = "Preview Content";
			sourceTree = "<group>";
		};
/* End PBXGroup section */

/* Begin PBXNativeTarget section */
		DE64B05B2329EDEC007B1C0A /* DynamicFetchRequest */ = {
			isa = PBXNativeTarget;
			buildConfigurationList = DE64B0732329EDED007B1C0A /* Build configuration list for PBXNativeTarget "DynamicFetchRequest" */;
			buildPhases = (
				DE64B0582329EDEC007B1C0A /* Sources */,
				DE64B0592329EDEC007B1C0A /* Frameworks */,
				DE64B05A2329EDEC007B1C0A /* Resources */,
			);
			buildRules = (
			);
			dependencies = (
			);
			name = DynamicFetchRequest;
			productName = DynamicFetchRequest;
			productReference = DE64B05C2329EDEC007B1C0A /* DynamicFetchRequest.app */;
			productType = "com.apple.product-type.application";
		};
/* End PBXNativeTarget section */

/* Begin PBXProject section */
		DE64B0542329EDEC007B1C0A /* Project object */ = {
			isa = PBXProject;
			attributes = {
				LastSwiftUpdateCheck = 1100;
				LastUpgradeCheck = 1100;
				ORGANIZATIONNAME = SchwiftyUI;
				TargetAttributes = {
					DE64B05B2329EDEC007B1C0A = {
						CreatedOnToolsVersion = 11.0;
					};
				};
			};
			buildConfigurationList = DE64B0572329EDEC007B1C0A /* Build configuration list for PBXProject "DynamicFetchRequest" */;
			compatibilityVersion = "Xcode 9.3";
			developmentRegion = en;
			hasScannedForEncodings = 0;
			knownRegions = (
				en,
				Base,
			);
			mainGroup = DE64B0532329EDEC007B1C0A;
			productRefGroup = DE64B05D2329EDEC007B1C0A /* Products */;
			projectDirPath = "";
			projectRoot = "";
			targets = (
				DE64B05B2329EDEC007B1C0A /* DynamicFetchRequest */,
			);
		};
/* End PBXProject section */

/* Begin PBXResourcesBuildPhase section */
		DE64B05A2329EDEC007B1C0A /* Resources */ = {
			isa = PBXResourcesBuildPhase;
			buildActionMask = 2147483647;
			files = (
				DE64B06F2329EDED007B1C0A /* LaunchScreen.storyboard in Resources */,
				DE64B06C2329EDED007B1C0A /* Preview Assets.xcassets in Resources */,
				DE64B0692329EDED007B1C0A /* Assets.xcassets in Resources */,
			);
			runOnlyForDeploymentPostprocessing = 0;
		};
/* End PBXResourcesBuildPhase section */

/* Begin PBXSourcesBuildPhase section */
		DE64B0582329EDEC007B1C0A /* Sources */ = {
			isa = PBXSourcesBuildPhase;
			buildActionMask = 2147483647;
			files = (
				DE64B07B2329F5A9007B1C0A /* TreeNodeWrapperView.swift in Sources */,
				DE64B0652329EDEC007B1C0A /* DynamicFetchRequest.xcdatamodeld in Sources */,
				DE64B0602329EDEC007B1C0A /* AppDelegate.swift in Sources */,
				DE64B0792329EF27007B1C0A /* TreeNodeView.swift in Sources */,
				DE64B0672329EDEC007B1C0A /* ContentView.swift in Sources */,
				375E3A4A236E11090017B1F4 /* EditNode.swift in Sources */,
				DE64B0772329EE7C007B1C0A /* TreeNode.swift in Sources */,
				DE64B0622329EDEC007B1C0A /* SceneDelegate.swift in Sources */,
			);
			runOnlyForDeploymentPostprocessing = 0;
		};
/* End PBXSourcesBuildPhase section */

/* Begin PBXVariantGroup section */
		DE64B06D2329EDED007B1C0A /* LaunchScreen.storyboard */ = {
			isa = PBXVariantGroup;
			children = (
				DE64B06E2329EDED007B1C0A /* Base */,
			);
			name = LaunchScreen.storyboard;
			sourceTree = "<group>";
		};
/* End PBXVariantGroup section */

/* Begin XCBuildConfiguration section */
		DE64B0712329EDED007B1C0A /* Debug */ = {
			isa = XCBuildConfiguration;
			buildSettings = {
				ALWAYS_SEARCH_USER_PATHS = NO;
				CLANG_ANALYZER_NONNULL = YES;
				CLANG_ANALYZER_NUMBER_OBJECT_CONVERSION = YES_AGGRESSIVE;
				CLANG_CXX_LANGUAGE_STANDARD = "gnu++14";
				CLANG_CXX_LIBRARY = "libc++";
				CLANG_ENABLE_MODULES = YES;
				CLANG_ENABLE_OBJC_ARC = YES;
				CLANG_ENABLE_OBJC_WEAK = YES;
				CLANG_WARN_BLOCK_CAPTURE_AUTORELEASING = YES;
				CLANG_WARN_BOOL_CONVERSION = YES;
				CLANG_WARN_COMMA = YES;
				CLANG_WARN_CONSTANT_CONVERSION = YES;
				CLANG_WARN_DEPRECATED_OBJC_IMPLEMENTATIONS = YES;
				CLANG_WARN_DIRECT_OBJC_ISA_USAGE = YES_ERROR;
				CLANG_WARN_DOCUMENTATION_COMMENTS = YES;
				CLANG_WARN_EMPTY_BODY = YES;
				CLANG_WARN_ENUM_CONVERSION = YES;
				CLANG_WARN_INFINITE_RECURSION = YES;
				CLANG_WARN_INT_CONVERSION = YES;
				CLANG_WARN_NON_LITERAL_NULL_CONVERSION = YES;
				CLANG_WARN_OBJC_IMPLICIT_RETAIN_SELF = YES;
				CLANG_WARN_OBJC_LITERAL_CONVERSION = YES;
				CLANG_WARN_OBJC_ROOT_CLASS = YES_ERROR;
				CLANG_WARN_RANGE_LOOP_ANALYSIS = YES;
				CLANG_WARN_STRICT_PROTOTYPES = YES;
				CLANG_WARN_SUSPICIOUS_MOVE = YES;
				CLANG_WARN_UNGUARDED_AVAILABILITY = YES_AGGRESSIVE;
				CLANG_WARN_UNREACHABLE_CODE = YES;
				CLANG_WARN__DUPLICATE_METHOD_MATCH = YES;
				COPY_PHASE_STRIP = NO;
				DEBUG_INFORMATION_FORMAT = dwarf;
				ENABLE_STRICT_OBJC_MSGSEND = YES;
				ENABLE_TESTABILITY = YES;
				GCC_C_LANGUAGE_STANDARD = gnu11;
				GCC_DYNAMIC_NO_PIC = NO;
				GCC_NO_COMMON_BLOCKS = YES;
				GCC_OPTIMIZATION_LEVEL = 0;
				GCC_PREPROCESSOR_DEFINITIONS = (
					"DEBUG=1",
					"$(inherited)",
				);
				GCC_WARN_64_TO_32_BIT_CONVERSION = YES;
				GCC_WARN_ABOUT_RETURN_TYPE = YES_ERROR;
				GCC_WARN_UNDECLARED_SELECTOR = YES;
				GCC_WARN_UNINITIALIZED_AUTOS = YES_AGGRESSIVE;
				GCC_WARN_UNUSED_FUNCTION = YES;
				GCC_WARN_UNUSED_VARIABLE = YES;
				IPHONEOS_DEPLOYMENT_TARGET = 13.0;
				MTL_ENABLE_DEBUG_INFO = INCLUDE_SOURCE;
				MTL_FAST_MATH = YES;
				ONLY_ACTIVE_ARCH = YES;
				SDKROOT = iphoneos;
				SWIFT_ACTIVE_COMPILATION_CONDITIONS = DEBUG;
				SWIFT_OPTIMIZATION_LEVEL = "-Onone";
			};
			name = Debug;
		};
		DE64B0722329EDED007B1C0A /* Release */ = {
			isa = XCBuildConfiguration;
			buildSettings = {
				ALWAYS_SEARCH_USER_PATHS = NO;
				CLANG_ANALYZER_NONNULL = YES;
				CLANG_ANALYZER_NUMBER_OBJECT_CONVERSION = YES_AGGRESSIVE;
				CLANG_CXX_LANGUAGE_STANDARD = "gnu++14";
				CLANG_CXX_LIBRARY = "libc++";
				CLANG_ENABLE_MODULES = YES;
				CLANG_ENABLE_OBJC_ARC = YES;
				CLANG_ENABLE_OBJC_WEAK = YES;
				CLANG_WARN_BLOCK_CAPTURE_AUTORELEASING = YES;
				CLANG_WARN_BOOL_CONVERSION = YES;
				CLANG_WARN_COMMA = YES;
				CLANG_WARN_CONSTANT_CONVERSION = YES;
				CLANG_WARN_DEPRECATED_OBJC_IMPLEMENTATIONS = YES;
				CLANG_WARN_DIRECT_OBJC_ISA_USAGE = YES_ERROR;
				CLANG_WARN_DOCUMENTATION_COMMENTS = YES;
				CLANG_WARN_EMPTY_BODY = YES;
				CLANG_WARN_ENUM_CONVERSION = YES;
				CLANG_WARN_INFINITE_RECURSION = YES;
				CLANG_WARN_INT_CONVERSION = YES;
				CLANG_WARN_NON_LITERAL_NULL_CONVERSION = YES;
				CLANG_WARN_OBJC_IMPLICIT_RETAIN_SELF = YES;
				CLANG_WARN_OBJC_LITERAL_CONVERSION = YES;
				CLANG_WARN_OBJC_ROOT_CLASS = YES_ERROR;
				CLANG_WARN_RANGE_LOOP_ANALYSIS = YES;
				CLANG_WARN_STRICT_PROTOTYPES = YES;
				CLANG_WARN_SUSPICIOUS_MOVE = YES;
				CLANG_WARN_UNGUARDED_AVAILABILITY = YES_AGGRESSIVE;
				CLANG_WARN_UNREACHABLE_CODE = YES;
				CLANG_WARN__DUPLICATE_METHOD_MATCH = YES;
				COPY_PHASE_STRIP = NO;
				DEBUG_INFORMATION_FORMAT = "dwarf-with-dsym";
				ENABLE_NS_ASSERTIONS = NO;
				ENABLE_STRICT_OBJC_MSGSEND = YES;
				GCC_C_LANGUAGE_STANDARD = gnu11;
				GCC_NO_COMMON_BLOCKS = YES;
				GCC_WARN_64_TO_32_BIT_CONVERSION = YES;
				GCC_WARN_ABOUT_RETURN_TYPE = YES_ERROR;
				GCC_WARN_UNDECLARED_SELECTOR = YES;
				GCC_WARN_UNINITIALIZED_AUTOS = YES_AGGRESSIVE;
				GCC_WARN_UNUSED_FUNCTION = YES;
				GCC_WARN_UNUSED_VARIABLE = YES;
				IPHONEOS_DEPLOYMENT_TARGET = 13.0;
				MTL_ENABLE_DEBUG_INFO = NO;
				MTL_FAST_MATH = YES;
				SDKROOT = iphoneos;
				SWIFT_COMPILATION_MODE = wholemodule;
				SWIFT_OPTIMIZATION_LEVEL = "-O";
				VALIDATE_PRODUCT = YES;
			};
			name = Release;
		};
		DE64B0742329EDED007B1C0A /* Debug */ = {
			isa = XCBuildConfiguration;
			buildSettings = {
				ASSETCATALOG_COMPILER_APPICON_NAME = AppIcon;
				CODE_SIGN_STYLE = Automatic;
				DEVELOPMENT_ASSET_PATHS = "\"DynamicFetchRequest/Preview Content\"";
				ENABLE_PREVIEWS = YES;
				INFOPLIST_FILE = DynamicFetchRequest/Info.plist;
				LD_RUNPATH_SEARCH_PATHS = (
					"$(inherited)",
					"@executable_path/Frameworks",
				);
				PRODUCT_BUNDLE_IDENTIFIER = com.SchwiftyUI.DynamicFetchRequest;
				PRODUCT_NAME = "$(TARGET_NAME)";
				SWIFT_VERSION = 5.0;
				TARGETED_DEVICE_FAMILY = "1,2";
			};
			name = Debug;
		};
		DE64B0752329EDED007B1C0A /* Release */ = {
			isa = XCBuildConfiguration;
			buildSettings = {
				ASSETCATALOG_COMPILER_APPICON_NAME = AppIcon;
				CODE_SIGN_STYLE = Automatic;
				DEVELOPMENT_ASSET_PATHS = "\"DynamicFetchRequest/Preview Content\"";
				ENABLE_PREVIEWS = YES;
				INFOPLIST_FILE = DynamicFetchRequest/Info.plist;
				LD_RUNPATH_SEARCH_PATHS = (
					"$(inherited)",
					"@executable_path/Frameworks",
				);
				PRODUCT_BUNDLE_IDENTIFIER = com.SchwiftyUI.DynamicFetchRequest;
				PRODUCT_NAME = "$(TARGET_NAME)";
				SWIFT_VERSION = 5.0;
				TARGETED_DEVICE_FAMILY = "1,2";
			};
			name = Release;
		};
/* End XCBuildConfiguration section */

/* Begin XCConfigurationList section */
		DE64B0572329EDEC007B1C0A /* Build configuration list for PBXProject "DynamicFetchRequest" */ = {
			isa = XCConfigurationList;
			buildConfigurations = (
				DE64B0712329EDED007B1C0A /* Debug */,
				DE64B0722329EDED007B1C0A /* Release */,
			);
			defaultConfigurationIsVisible = 0;
			defaultConfigurationName = Release;
		};
		DE64B0732329EDED007B1C0A /* Build configuration list for PBXNativeTarget "DynamicFetchRequest" */ = {
			isa = XCConfigurationList;
			buildConfigurations = (
				DE64B0742329EDED007B1C0A /* Debug */,
				DE64B0752329EDED007B1C0A /* Release */,
			);
			defaultConfigurationIsVisible = 0;
			defaultConfigurationName = Release;
		};
/* End XCConfigurationList section */

/* Begin XCVersionGroup section */
		DE64B0632329EDEC007B1C0A /* DynamicFetchRequest.xcdatamodeld */ = {
			isa = XCVersionGroup;
			children = (
				DE64B0642329EDEC007B1C0A /* DynamicFetchRequest.xcdatamodel */,
			);
			currentVersion = DE64B0642329EDEC007B1C0A /* DynamicFetchRequest.xcdatamodel */;
			path = DynamicFetchRequest.xcdatamodeld;
			sourceTree = "<group>";
			versionGroupType = wrapper.xcdatamodel;
		};
/* End XCVersionGroup section */
	};
	rootObject = DE64B0542329EDEC007B1C0A /* Project object */;
}
